
Microsoft Visual Studio Solution File, Format Version 12.00
# Visual Studio 2013
VisualStudioVersion = 12.0.30501.0
MinimumVisualStudioVersion = 10.0.40219.1
Project("{FAE04EC0-301F-11D3-BF4B-00C04F79EFBC}") = "GoogleDataCollection", "GoogleDataCollection\GoogleDataCollection.csproj", "{55626710-1DF3-42CE-8AED-7E721565172F}"
EndProject
Project("{FAE04EC0-301F-11D3-BF4B-00C04F79EFBC}") = "BRE_WebService", "..\offlineWebService\BRE_WebService\BRE_WebService.csproj", "{008652DD-3C6B-4AFC-B5A3-46CCADC2B791}"
EndProject
Project("{FAE04EC0-301F-11D3-BF4B-00C04F79EFBC}") = "Tester", "..\offlineWebService\Tester\Tester.csproj", "{E1F97C0E-0E06-492F-AAB8-265937FC5FA6}"
EndProject
Global
	GlobalSection(SolutionConfigurationPlatforms) = preSolution
		Debug|Any CPU = Debug|Any CPU
		Release|Any CPU = Release|Any CPU
	EndGlobalSection
	GlobalSection(ProjectConfigurationPlatforms) = postSolution
		{55626710-1DF3-42CE-8AED-7E721565172F}.Debug|Any CPU.ActiveCfg = Debug|Any CPU
		{55626710-1DF3-42CE-8AED-7E721565172F}.Debug|Any CPU.Build.0 = Debug|Any CPU
		{55626710-1DF3-42CE-8AED-7E721565172F}.Release|Any CPU.ActiveCfg = Release|Any CPU
		{55626710-1DF3-42CE-8AED-7E721565172F}.Release|Any CPU.Build.0 = Release|Any CPU
		{008652DD-3C6B-4AFC-B5A3-46CCADC2B791}.Debug|Any CPU.ActiveCfg = Debug|Any CPU
		{008652DD-3C6B-4AFC-B5A3-46CCADC2B791}.Debug|Any CPU.Build.0 = Debug|Any CPU
		{008652DD-3C6B-4AFC-B5A3-46CCADC2B791}.Release|Any CPU.ActiveCfg = Release|Any CPU
		{008652DD-3C6B-4AFC-B5A3-46CCADC2B791}.Release|Any CPU.Build.0 = Release|Any CPU
		{E1F97C0E-0E06-492F-AAB8-265937FC5FA6}.Debug|Any CPU.ActiveCfg = Debug|Any CPU
		{E1F97C0E-0E06-492F-AAB8-265937FC5FA6}.Debug|Any CPU.Build.0 = Debug|Any CPU
		{E1F97C0E-0E06-492F-AAB8-265937FC5FA6}.Release|Any CPU.ActiveCfg = Release|Any CPU
		{E1F97C0E-0E06-492F-AAB8-265937FC5FA6}.Release|Any CPU.Build.0 = Release|Any CPU
	EndGlobalSection
	GlobalSection(SolutionProperties) = preSolution
		HideSolutionNode = FALSE
	EndGlobalSection
EndGlobal
